
Microsoft Visual Studio Solution File, Format Version 12.00
# Visual Studio Version 17
VisualStudioVersion = 17.10.35122.118
MinimumVisualStudioVersion = 10.0.40219.1
Project("{FAE04EC0-301F-11D3-BF4B-00C04F79EFBC}") = "MediaPlayer", "MediaPlayer\MediaPlayer.csproj", "{3D3A5DEC-16F8-48C2-8046-D48B7265845F}"
EndProject
Global
	GlobalSection(SolutionConfigurationPlatforms) = preSolution
		Debug|Any CPU = Debug|Any CPU
		Release|Any CPU = Release|Any CPU
	EndGlobalSection
	GlobalSection(ProjectConfigurationPlatforms) = postSolution
		{3D3A5DEC-16F8-48C2-8046-D48B7265845F}.Debug|Any CPU.ActiveCfg = Debug|Any CPU
		{3D3A5DEC-16F8-48C2-8046-D48B7265845F}.Debug|Any CPU.Build.0 = Debug|Any CPU
		{3D3A5DEC-16F8-48C2-8046-D48B7265845F}.Release|Any CPU.ActiveCfg = Release|Any CPU
		{3D3A5DEC-16F8-48C2-8046-D48B7265845F}.Release|Any CPU.Build.0 = Release|Any CPU
	EndGlobalSection
	GlobalSection(SolutionProperties) = preSolution
		HideSolutionNode = FALSE
	EndGlobalSection
	GlobalSection(ExtensibilityGlobals) = postSolution
		SolutionGuid = {28A7CD3F-4033-41BC-B0E1-44728E45AAED}
	EndGlobalSection
EndGlobal
